
Microsoft Visual Studio Solution File, Format Version 12.00
# Visual Studio 14
VisualStudioVersion = 14.0.25420.1
MinimumVisualStudioVersion = 10.0.40219.1
Project("{FAE04EC0-301F-11D3-BF4B-00C04F79EFBC}") = "NoteBook", "NoteBook\NoteBook\NoteBook.csproj", "{6A9AD76C-34C2-470C-8C1E-016086D6C4E5}"
EndProject
Project("{FAE04EC0-301F-11D3-BF4B-00C04F79EFBC}") = "NoteBook.Droid", "NoteBook\NoteBook.Droid\NoteBook.Droid.csproj", "{DD3778B9-454B-47A9-B38D-C09876B3C8E3}"
EndProject
Project("{FAE04EC0-301F-11D3-BF4B-00C04F79EFBC}") = "NoteBook.iOS", "NoteBook\NoteBook.iOS\NoteBook.iOS.csproj", "{B4341461-344A-4FC5-9A11-B16FEF5AD3E3}"
EndProject
Project("{FAE04EC0-301F-11D3-BF4B-00C04F79EFBC}") = "WebService", "WebService\WebService.csproj", "{4A6EED1C-0A07-408D-8AB4-AB3D417C5D18}"
EndProject
Project("{FAE04EC0-301F-11D3-BF4B-00C04F79EFBC}") = "UnitTests", "UnitTests\UnitTests.csproj", "{2ACBB4F8-770D-4B6C-B6C8-4A3070FACB57}"
EndProject
Global
	GlobalSection(SolutionConfigurationPlatforms) = preSolution
		Ad-Hoc|Any CPU = Ad-Hoc|Any CPU
		Ad-Hoc|iPhone = Ad-Hoc|iPhone
		Ad-Hoc|iPhoneSimulator = Ad-Hoc|iPhoneSimulator
		AppStore|Any CPU = AppStore|Any CPU
		AppStore|iPhone = AppStore|iPhone
		AppStore|iPhoneSimulator = AppStore|iPhoneSimulator
		Debug|Any CPU = Debug|Any CPU
		Debug|iPhone = Debug|iPhone
		Debug|iPhoneSimulator = Debug|iPhoneSimulator
		Release|Any CPU = Release|Any CPU
		Release|iPhone = Release|iPhone
		Release|iPhoneSimulator = Release|iPhoneSimulator
	EndGlobalSection
	GlobalSection(ProjectConfigurationPlatforms) = postSolution
		{6A9AD76C-34C2-470C-8C1E-016086D6C4E5}.Ad-Hoc|Any CPU.ActiveCfg = Release|Any CPU
		{6A9AD76C-34C2-470C-8C1E-016086D6C4E5}.Ad-Hoc|Any CPU.Build.0 = Release|Any CPU
		{6A9AD76C-34C2-470C-8C1E-016086D6C4E5}.Ad-Hoc|iPhone.ActiveCfg = Release|Any CPU
		{6A9AD76C-34C2-470C-8C1E-016086D6C4E5}.Ad-Hoc|iPhone.Build.0 = Release|Any CPU
		{6A9AD76C-34C2-470C-8C1E-016086D6C4E5}.Ad-Hoc|iPhoneSimulator.ActiveCfg = Release|Any CPU
		{6A9AD76C-34C2-470C-8C1E-016086D6C4E5}.Ad-Hoc|iPhoneSimulator.Build.0 = Release|Any CPU
		{6A9AD76C-34C2-470C-8C1E-016086D6C4E5}.AppStore|Any CPU.ActiveCfg = Release|Any CPU
		{6A9AD76C-34C2-470C-8C1E-016086D6C4E5}.AppStore|Any CPU.Build.0 = Release|Any CPU
		{6A9AD76C-34C2-470C-8C1E-016086D6C4E5}.AppStore|iPhone.ActiveCfg = Release|Any CPU
		{6A9AD76C-34C2-470C-8C1E-016086D6C4E5}.AppStore|iPhone.Build.0 = Release|Any CPU
		{6A9AD76C-34C2-470C-8C1E-016086D6C4E5}.AppStore|iPhoneSimulator.ActiveCfg = Release|Any CPU
		{6A9AD76C-34C2-470C-8C1E-016086D6C4E5}.AppStore|iPhoneSimulator.Build.0 = Release|Any CPU
		{6A9AD76C-34C2-470C-8C1E-016086D6C4E5}.Debug|Any CPU.ActiveCfg = Debug|Any CPU
		{6A9AD76C-34C2-470C-8C1E-016086D6C4E5}.Debug|Any CPU.Build.0 = Debug|Any CPU
		{6A9AD76C-34C2-470C-8C1E-016086D6C4E5}.Debug|iPhone.ActiveCfg = Debug|Any CPU
		{6A9AD76C-34C2-470C-8C1E-016086D6C4E5}.Debug|iPhone.Build.0 = Debug|Any CPU
		{6A9AD76C-34C2-470C-8C1E-016086D6C4E5}.Debug|iPhoneSimulator.ActiveCfg = Debug|Any CPU
		{6A9AD76C-34C2-470C-8C1E-016086D6C4E5}.Debug|iPhoneSimulator.Build.0 = Debug|Any CPU
		{6A9AD76C-34C2-470C-8C1E-016086D6C4E5}.Release|Any CPU.ActiveCfg = Release|Any CPU
		{6A9AD76C-34C2-470C-8C1E-016086D6C4E5}.Release|Any CPU.Build.0 = Release|Any CPU
		{6A9AD76C-34C2-470C-8C1E-016086D6C4E5}.Release|iPhone.ActiveCfg = Release|Any CPU
		{6A9AD76C-34C2-470C-8C1E-016086D6C4E5}.Release|iPhone.Build.0 = Release|Any CPU
		{6A9AD76C-34C2-470C-8C1E-016086D6C4E5}.Release|iPhoneSimulator.ActiveCfg = Release|Any CPU
		{6A9AD76C-34C2-470C-8C1E-016086D6C4E5}.Release|iPhoneSimulator.Build.0 = Release|Any CPU
		{DD3778B9-454B-47A9-B38D-C09876B3C8E3}.Ad-Hoc|Any CPU.ActiveCfg = Release|Any CPU
		{DD3778B9-454B-47A9-B38D-C09876B3C8E3}.Ad-Hoc|Any CPU.Build.0 = Release|Any CPU
		{DD3778B9-454B-47A9-B38D-C09876B3C8E3}.Ad-Hoc|Any CPU.Deploy.0 = Release|Any CPU
		{DD3778B9-454B-47A9-B38D-C09876B3C8E3}.Ad-Hoc|iPhone.ActiveCfg = Release|Any CPU
		{DD3778B9-454B-47A9-B38D-C09876B3C8E3}.Ad-Hoc|iPhone.Build.0 = Release|Any CPU
		{DD3778B9-454B-47A9-B38D-C09876B3C8E3}.Ad-Hoc|iPhone.Deploy.0 = Release|Any CPU
		{DD3778B9-454B-47A9-B38D-C09876B3C8E3}.Ad-Hoc|iPhoneSimulator.ActiveCfg = Release|Any CPU
		{DD3778B9-454B-47A9-B38D-C09876B3C8E3}.Ad-Hoc|iPhoneSimulator.Build.0 = Release|Any CPU
		{DD3778B9-454B-47A9-B38D-C09876B3C8E3}.Ad-Hoc|iPhoneSimulator.Deploy.0 = Release|Any CPU
		{DD3778B9-454B-47A9-B38D-C09876B3C8E3}.AppStore|Any CPU.ActiveCfg = Release|Any CPU
		{DD3778B9-454B-47A9-B38D-C09876B3C8E3}.AppStore|Any CPU.Build.0 = Release|Any CPU
		{DD3778B9-454B-47A9-B38D-C09876B3C8E3}.AppStore|Any CPU.Deploy.0 = Release|Any CPU
		{DD3778B9-454B-47A9-B38D-C09876B3C8E3}.AppStore|iPhone.ActiveCfg = Release|Any CPU
		{DD3778B9-454B-47A9-B38D-C09876B3C8E3}.AppStore|iPhone.Build.0 = Release|Any CPU
		{DD3778B9-454B-47A9-B38D-C09876B3C8E3}.AppStore|iPhone.Deploy.0 = Release|Any CPU
		{DD3778B9-454B-47A9-B38D-C09876B3C8E3}.AppStore|iPhoneSimulator.ActiveCfg = Release|Any CPU
		{DD3778B9-454B-47A9-B38D-C09876B3C8E3}.AppStore|iPhoneSimulator.Build.0 = Release|Any CPU
		{DD3778B9-454B-47A9-B38D-C09876B3C8E3}.AppStore|iPhoneSimulator.Deploy.0 = Release|Any CPU
		{DD3778B9-454B-47A9-B38D-C09876B3C8E3}.Debug|Any CPU.ActiveCfg = Debug|Any CPU
		{DD3778B9-454B-47A9-B38D-C09876B3C8E3}.Debug|Any CPU.Build.0 = Debug|Any CPU
		{DD3778B9-454B-47A9-B38D-C09876B3C8E3}.Debug|Any CPU.Deploy.0 = Debug|Any CPU
		{DD3778B9-454B-47A9-B38D-C09876B3C8E3}.Debug|iPhone.ActiveCfg = Debug|Any CPU
		{DD3778B9-454B-47A9-B38D-C09876B3C8E3}.Debug|iPhone.Build.0 = Debug|Any CPU
		{DD3778B9-454B-47A9-B38D-C09876B3C8E3}.Debug|iPhone.Deploy.0 = Debug|Any CPU
		{DD3778B9-454B-47A9-B38D-C09876B3C8E3}.Debug|iPhoneSimulator.ActiveCfg = Debug|Any CPU
		{DD3778B9-454B-47A9-B38D-C09876B3C8E3}.Debug|iPhoneSimulator.Build.0 = Debug|Any CPU
		{DD3778B9-454B-47A9-B38D-C09876B3C8E3}.Debug|iPhoneSimulator.Deploy.0 = Debug|Any CPU
		{DD3778B9-454B-47A9-B38D-C09876B3C8E3}.Release|Any CPU.ActiveCfg = Release|Any CPU
		{DD3778B9-454B-47A9-B38D-C09876B3C8E3}.Release|Any CPU.Build.0 = Release|Any CPU
		{DD3778B9-454B-47A9-B38D-C09876B3C8E3}.Release|Any CPU.Deploy.0 = Release|Any CPU
		{DD3778B9-454B-47A9-B38D-C09876B3C8E3}.Release|iPhone.ActiveCfg = Release|Any CPU
		{DD3778B9-454B-47A9-B38D-C09876B3C8E3}.Release|iPhone.Build.0 = Release|Any CPU
		{DD3778B9-454B-47A9-B38D-C09876B3C8E3}.Release|iPhone.Deploy.0 = Release|Any CPU
		{DD3778B9-454B-47A9-B38D-C09876B3C8E3}.Release|iPhoneSimulator.ActiveCfg = Release|Any CPU
		{DD3778B9-454B-47A9-B38D-C09876B3C8E3}.Release|iPhoneSimulator.Build.0 = Release|Any CPU
		{DD3778B9-454B-47A9-B38D-C09876B3C8E3}.Release|iPhoneSimulator.Deploy.0 = Release|Any CPU
		{B4341461-344A-4FC5-9A11-B16FEF5AD3E3}.Ad-Hoc|Any CPU.ActiveCfg = Ad-Hoc|iPhone
		{B4341461-344A-4FC5-9A11-B16FEF5AD3E3}.Ad-Hoc|iPhone.ActiveCfg = Ad-Hoc|iPhone
		{B4341461-344A-4FC5-9A11-B16FEF5AD3E3}.Ad-Hoc|iPhone.Build.0 = Ad-Hoc|iPhone
		{B4341461-344A-4FC5-9A11-B16FEF5AD3E3}.Ad-Hoc|iPhoneSimulator.ActiveCfg = Ad-Hoc|iPhoneSimulator
		{B4341461-344A-4FC5-9A11-B16FEF5AD3E3}.Ad-Hoc|iPhoneSimulator.Build.0 = Ad-Hoc|iPhoneSimulator
		{B4341461-344A-4FC5-9A11-B16FEF5AD3E3}.AppStore|Any CPU.ActiveCfg = AppStore|iPhone
		{B4341461-344A-4FC5-9A11-B16FEF5AD3E3}.AppStore|iPhone.ActiveCfg = AppStore|iPhone
		{B4341461-344A-4FC5-9A11-B16FEF5AD3E3}.AppStore|iPhone.Build.0 = AppStore|iPhone
		{B4341461-344A-4FC5-9A11-B16FEF5AD3E3}.AppStore|iPhoneSimulator.ActiveCfg = AppStore|iPhoneSimulator
		{B4341461-344A-4FC5-9A11-B16FEF5AD3E3}.AppStore|iPhoneSimulator.Build.0 = AppStore|iPhoneSimulator
		{B4341461-344A-4FC5-9A11-B16FEF5AD3E3}.Debug|Any CPU.ActiveCfg = Debug|iPhone
		{B4341461-344A-4FC5-9A11-B16FEF5AD3E3}.Debug|iPhone.ActiveCfg = Debug|iPhone
		{B4341461-344A-4FC5-9A11-B16FEF5AD3E3}.Debug|iPhone.Build.0 = Debug|iPhone
		{B4341461-344A-4FC5-9A11-B16FEF5AD3E3}.Debug|iPhoneSimulator.ActiveCfg = Debug|iPhoneSimulator
		{B4341461-344A-4FC5-9A11-B16FEF5AD3E3}.Debug|iPhoneSimulator.Build.0 = Debug|iPhoneSimulator
		{B4341461-344A-4FC5-9A11-B16FEF5AD3E3}.Release|Any CPU.ActiveCfg = Release|iPhone
		{B4341461-344A-4FC5-9A11-B16FEF5AD3E3}.Release|iPhone.ActiveCfg = Release|iPhone
		{B4341461-344A-4FC5-9A11-B16FEF5AD3E3}.Release|iPhone.Build.0 = Release|iPhone
		{B4341461-344A-4FC5-9A11-B16FEF5AD3E3}.Release|iPhoneSimulator.ActiveCfg = Release|iPhoneSimulator
		{B4341461-344A-4FC5-9A11-B16FEF5AD3E3}.Release|iPhoneSimulator.Build.0 = Release|iPhoneSimulator
		{4A6EED1C-0A07-408D-8AB4-AB3D417C5D18}.Ad-Hoc|Any CPU.ActiveCfg = Release|Any CPU
		{4A6EED1C-0A07-408D-8AB4-AB3D417C5D18}.Ad-Hoc|Any CPU.Build.0 = Release|Any CPU
		{4A6EED1C-0A07-408D-8AB4-AB3D417C5D18}.Ad-Hoc|iPhone.ActiveCfg = Release|Any CPU
		{4A6EED1C-0A07-408D-8AB4-AB3D417C5D18}.Ad-Hoc|iPhone.Build.0 = Release|Any CPU
		{4A6EED1C-0A07-408D-8AB4-AB3D417C5D18}.Ad-Hoc|iPhoneSimulator.ActiveCfg = Release|Any CPU
		{4A6EED1C-0A07-408D-8AB4-AB3D417C5D18}.Ad-Hoc|iPhoneSimulator.Build.0 = Release|Any CPU
		{4A6EED1C-0A07-408D-8AB4-AB3D417C5D18}.AppStore|Any CPU.ActiveCfg = Release|Any CPU
		{4A6EED1C-0A07-408D-8AB4-AB3D417C5D18}.AppStore|Any CPU.Build.0 = Release|Any CPU
		{4A6EED1C-0A07-408D-8AB4-AB3D417C5D18}.AppStore|iPhone.ActiveCfg = Release|Any CPU
		{4A6EED1C-0A07-408D-8AB4-AB3D417C5D18}.AppStore|iPhone.Build.0 = Release|Any CPU
		{4A6EED1C-0A07-408D-8AB4-AB3D417C5D18}.AppStore|iPhoneSimulator.ActiveCfg = Release|Any CPU
		{4A6EED1C-0A07-408D-8AB4-AB3D417C5D18}.AppStore|iPhoneSimulator.Build.0 = Release|Any CPU
		{4A6EED1C-0A07-408D-8AB4-AB3D417C5D18}.Debug|Any CPU.ActiveCfg = Debug|Any CPU
		{4A6EED1C-0A07-408D-8AB4-AB3D417C5D18}.Debug|Any CPU.Build.0 = Debug|Any CPU
		{4A6EED1C-0A07-408D-8AB4-AB3D417C5D18}.Debug|iPhone.ActiveCfg = Debug|Any CPU
		{4A6EED1C-0A07-408D-8AB4-AB3D417C5D18}.Debug|iPhone.Build.0 = Debug|Any CPU
		{4A6EED1C-0A07-408D-8AB4-AB3D417C5D18}.Debug|iPhoneSimulator.ActiveCfg = Debug|Any CPU
		{4A6EED1C-0A07-408D-8AB4-AB3D417C5D18}.Debug|iPhoneSimulator.Build.0 = Debug|Any CPU
		{4A6EED1C-0A07-408D-8AB4-AB3D417C5D18}.Release|Any CPU.ActiveCfg = Release|Any CPU
		{4A6EED1C-0A07-408D-8AB4-AB3D417C5D18}.Release|Any CPU.Build.0 = Release|Any CPU
		{4A6EED1C-0A07-408D-8AB4-AB3D417C5D18}.Release|iPhone.ActiveCfg = Release|Any CPU
		{4A6EED1C-0A07-408D-8AB4-AB3D417C5D18}.Release|iPhone.Build.0 = Release|Any CPU
		{4A6EED1C-0A07-408D-8AB4-AB3D417C5D18}.Release|iPhoneSimulator.ActiveCfg = Release|Any CPU
		{4A6EED1C-0A07-408D-8AB4-AB3D417C5D18}.Release|iPhoneSimulator.Build.0 = Release|Any CPU
		{2ACBB4F8-770D-4B6C-B6C8-4A3070FACB57}.Ad-Hoc|Any CPU.ActiveCfg = Release|Any CPU
		{2ACBB4F8-770D-4B6C-B6C8-4A3070FACB57}.Ad-Hoc|Any CPU.Build.0 = Release|Any CPU
		{2ACBB4F8-770D-4B6C-B6C8-4A3070FACB57}.Ad-Hoc|iPhone.ActiveCfg = Release|Any CPU
		{2ACBB4F8-770D-4B6C-B6C8-4A3070FACB57}.Ad-Hoc|iPhone.Build.0 = Release|Any CPU
		{2ACBB4F8-770D-4B6C-B6C8-4A3070FACB57}.Ad-Hoc|iPhoneSimulator.ActiveCfg = Release|Any CPU
		{2ACBB4F8-770D-4B6C-B6C8-4A3070FACB57}.Ad-Hoc|iPhoneSimulator.Build.0 = Release|Any CPU
		{2ACBB4F8-770D-4B6C-B6C8-4A3070FACB57}.AppStore|Any CPU.ActiveCfg = Release|Any CPU
		{2ACBB4F8-770D-4B6C-B6C8-4A3070FACB57}.AppStore|Any CPU.Build.0 = Release|Any CPU
		{2ACBB4F8-770D-4B6C-B6C8-4A3070FACB57}.AppStore|iPhone.ActiveCfg = Release|Any CPU
		{2ACBB4F8-770D-4B6C-B6C8-4A3070FACB57}.AppStore|iPhone.Build.0 = Release|Any CPU
		{2ACBB4F8-770D-4B6C-B6C8-4A3070FACB57}.AppStore|iPhoneSimulator.ActiveCfg = Release|Any CPU
		{2ACBB4F8-770D-4B6C-B6C8-4A3070FACB57}.AppStore|iPhoneSimulator.Build.0 = Release|Any CPU
		{2ACBB4F8-770D-4B6C-B6C8-4A3070FACB57}.Debug|Any CPU.ActiveCfg = Debug|Any CPU
		{2ACBB4F8-770D-4B6C-B6C8-4A3070FACB57}.Debug|Any CPU.Build.0 = Debug|Any CPU
		{2ACBB4F8-770D-4B6C-B6C8-4A3070FACB57}.Debug|iPhone.ActiveCfg = Debug|Any CPU
		{2ACBB4F8-770D-4B6C-B6C8-4A3070FACB57}.Debug|iPhone.Build.0 = Debug|Any CPU
		{2ACBB4F8-770D-4B6C-B6C8-4A3070FACB57}.Debug|iPhoneSimulator.ActiveCfg = Debug|Any CPU
		{2ACBB4F8-770D-4B6C-B6C8-4A3070FACB57}.Debug|iPhoneSimulator.Build.0 = Debug|Any CPU
		{2ACBB4F8-770D-4B6C-B6C8-4A3070FACB57}.Release|Any CPU.ActiveCfg = Release|Any CPU
		{2ACBB4F8-770D-4B6C-B6C8-4A3070FACB57}.Release|Any CPU.Build.0 = Release|Any CPU
		{2ACBB4F8-770D-4B6C-B6C8-4A3070FACB57}.Release|iPhone.ActiveCfg = Release|Any CPU
		{2ACBB4F8-770D-4B6C-B6C8-4A3070FACB57}.Release|iPhone.Build.0 = Release|Any CPU
		{2ACBB4F8-770D-4B6C-B6C8-4A3070FACB57}.Release|iPhoneSimulator.ActiveCfg = Release|Any CPU
		{2ACBB4F8-770D-4B6C-B6C8-4A3070FACB57}.Release|iPhoneSimulator.Build.0 = Release|Any CPU
	EndGlobalSection
	GlobalSection(SolutionProperties) = preSolution
		HideSolutionNode = FALSE
	EndGlobalSection
EndGlobal
